// !$*UTF8*$!
{
	archiveVersion = 1;
	classes = {
	};
	objectVersion = 56;
	objects = {

/* Begin PBXBuildFile section */
		A11000000000000000000011 /* DarAlTawhidKidsApp.swift in Sources */ = {isa = PBXBuildFile; fileRef = A12000000000000000000011 /* DarAlTawhidKidsApp.swift */; };
		A11000000000000000000012 /* KidsWebView.swift in Sources */ = {isa = PBXBuildFile; fileRef = A12000000000000000000012 /* KidsWebView.swift */; };
		A11000000000000000000014 /* Assets.xcassets in Resources */ = {isa = PBXBuildFile; fileRef = A12000000000000000000014 /* Assets.xcassets */; };
/* End PBXBuildFile section */

/* Begin PBXFileReference section */
		A13000000000000000000003 /* TAWHID Kids.app */ = {isa = PBXFileReference; explicitFileType = wrapper.application; includeInIndex = 0; path = "TAWHID Kids.app"; sourceTree = BUILT_PRODUCTS_DIR; };
		A12000000000000000000011 /* DarAlTawhidKidsApp.swift */ = {isa = PBXFileReference; lastKnownFileType = sourcecode.swift; path = DarAlTawhidKidsApp.swift; sourceTree = "<group>"; };
		A12000000000000000000012 /* KidsWebView.swift */ = {isa = PBXFileReference; lastKnownFileType = sourcecode.swift; path = KidsWebView.swift; sourceTree = "<group>"; };
		A12000000000000000000013 /* Info.plist */ = {isa = PBXFileReference; lastKnownFileType = text.plist.xml; path = Info.plist; sourceTree = "<group>"; };
		A12000000000000000000014 /* Assets.xcassets */ = {isa = PBXFileReference; lastKnownFileType = folder.assetcatalog; path = Assets.xcassets; sourceTree = "<group>"; };
		A12000000000000000000015 /* DarAlTawhidKids.entitlements */ = {isa = PBXFileReference; lastKnownFileType = text.plist.entitlements; path = DarAlTawhidKids.entitlements; sourceTree = "<group>"; };
/* End PBXFileReference section */

/* Begin PBXFrameworksBuildPhase section */
		A14000000000000000000022 /* Frameworks */ = {
			isa = PBXFrameworksBuildPhase;
			buildActionMask = 2147483647;
			files = (
			);
			runOnlyForDeploymentPostprocessing = 0;
		};
/* End PBXFrameworksBuildPhase section */

/* Begin PBXGroup section */
		A15000000000000000000004 = {
			isa = PBXGroup;
			children = (
				A15000000000000000000005 /* DarAlTawhidKids */,
				A15000000000000000000006 /* Products */,
			);
			sourceTree = "<group>";
		};
		A15000000000000000000005 /* DarAlTawhidKids */ = {
			isa = PBXGroup;
			children = (
				A12000000000000000000011 /* DarAlTawhidKidsApp.swift */,
				A12000000000000000000012 /* KidsWebView.swift */,
				A12000000000000000000013 /* Info.plist */,
				A12000000000000000000014 /* Assets.xcassets */,
				A12000000000000000000015 /* DarAlTawhidKids.entitlements */,
			);
			path = DarAlTawhidKids;
			sourceTree = "<group>";
		};
		A15000000000000000000006 /* Products */ = {
			isa = PBXGroup;
			children = (
				A13000000000000000000003 /* TAWHID Kids.app */,
			);
			name = Products;
			sourceTree = "<group>";
		};
/* End PBXGroup section */

/* Begin PBXNativeTarget section */
		A16000000000000000000002 /* DarAlTawhidKids */ = {
			isa = PBXNativeTarget;
			buildConfigurationList = A17000000000000000000031 /* Build configuration list for PBXNativeTarget "DarAlTawhidKids" */;
			buildPhases = (
				A14000000000000000000020 /* Sources */,
				A14000000000000000000022 /* Frameworks */,
				A14000000000000000000021 /* Resources */,
			);
			buildRules = (
			);
			dependencies = (
			);
			name = DarAlTawhidKids;
			productName = DarAlTawhidKids;
			productReference = A13000000000000000000003 /* TAWHID Kids.app */;
			productType = "com.apple.product-type.application";
		};
/* End PBXNativeTarget section */

/* Begin PBXProject section */
		A18000000000000000000001 /* Project object */ = {
			isa = PBXProject;
			attributes = {
				BuildIndependentTargetsInParallel = 1;
				LastSwiftUpdateCheck = 1600;
				LastUpgradeCheck = 1600;
				TargetAttributes = {
					A16000000000000000000002 = {
						CreatedOnToolsVersion = 16.0;
					};
				};
			};
			buildConfigurationList = A17000000000000000000030 /* Build configuration list for PBXProject "DarAlTawhidKids" */;
			compatibilityVersion = "Xcode 14.0";
			developmentRegion = de;
			hasScannedForEncodings = 0;
			knownRegions = (
				en,
				de,
				Base,
			);
			mainGroup = A15000000000000000000004;
			productRefGroup = A15000000000000000000006 /* Products */;
			projectDirPath = "";
			projectRoot = "";
			targets = (
				A16000000000000000000002 /* DarAlTawhidKids */,
			);
		};
/* End PBXProject section */

/* Begin PBXResourcesBuildPhase section */
		A14000000000000000000021 /* Resources */ = {
			isa = PBXResourcesBuildPhase;
			buildActionMask = 2147483647;
			files = (
				A11000000000000000000014 /* Assets.xcassets in Resources */,
			);
			runOnlyForDeploymentPostprocessing = 0;
		};
/* End PBXResourcesBuildPhase section */

/* Begin PBXSourcesBuildPhase section */
		A14000000000000000000020 /* Sources */ = {
			isa = PBXSourcesBuildPhase;
			buildActionMask = 2147483647;
			files = (
				A11000000000000000000011 /* DarAlTawhidKidsApp.swift in Sources */,
				A11000000000000000000012 /* KidsWebView.swift in Sources */,
			);
			runOnlyForDeploymentPostprocessing = 0;
		};
/* End PBXSourcesBuildPhase section */

/* Begin XCBuildConfiguration section */
		A19000000000000000000040 /* Debug */ = {
			isa = XCBuildConfiguration;
			buildSettings = {
				ALWAYS_SEARCH_USER_PATHS = NO;
				CLANG_ENABLE_MODULES = YES;
				CLANG_ENABLE_OBJC_ARC = YES;
				COPY_PHASE_STRIP = NO;
				DEBUG_INFORMATION_FORMAT = dwarf;
				ENABLE_TESTABILITY = YES;
				GCC_DYNAMIC_NO_PIC = NO;
				GCC_OPTIMIZATION_LEVEL = 0;
				IPHONEOS_DEPLOYMENT_TARGET = 16.0;
				MTL_ENABLE_DEBUG_INFO = INCLUDE_SOURCE;
				ONLY_ACTIVE_ARCH = YES;
				SDKROOT = iphoneos;
				SWIFT_ACTIVE_COMPILATION_CONDITIONS = DEBUG;
				SWIFT_OPTIMIZATION_LEVEL = "-Onone";
			};
			name = Debug;
		};
		A19000000000000000000041 /* Release */ = {
			isa = XCBuildConfiguration;
			buildSettings = {
				ALWAYS_SEARCH_USER_PATHS = NO;
				CLANG_ENABLE_MODULES = YES;
				CLANG_ENABLE_OBJC_ARC = YES;
				COPY_PHASE_STRIP = NO;
				DEBUG_INFORMATION_FORMAT = "dwarf-with-dsym";
				IPHONEOS_DEPLOYMENT_TARGET = 16.0;
				MTL_ENABLE_DEBUG_INFO = NO;
				SDKROOT = iphoneos;
				SWIFT_COMPILATION_MODE = wholemodule;
				SWIFT_OPTIMIZATION_LEVEL = "-O";
				VALIDATE_PRODUCT = YES;
			};
			name = Release;
		};
		A19000000000000000000042 /* Debug */ = {
			isa = XCBuildConfiguration;
			buildSettings = {
				ASSETCATALOG_COMPILER_APPICON_NAME = AppIcon;
				ASSETCATALOG_COMPILER_GLOBAL_ACCENT_COLOR_NAME = AccentColor;
				CODE_SIGN_ENTITLEMENTS = DarAlTawhidKids/DarAlTawhidKids.entitlements;
				CODE_SIGN_STYLE = Automatic;
				CURRENT_PROJECT_VERSION = 1;
				DEVELOPMENT_TEAM = ALVZ35NL2N;
				ENABLE_PREVIEWS = YES;
				GENERATE_INFOPLIST_FILE = NO;
				INFOPLIST_FILE = DarAlTawhidKids/Info.plist;
				INFOPLIST_KEY_CFBundleDisplayName = "TAWHID Kids";
				IPHONEOS_DEPLOYMENT_TARGET = 16.0;
				LD_RUNPATH_SEARCH_PATHS = (
					"$(inherited)",
					"@executable_path/Frameworks",
				);
				MARKETING_VERSION = 1.0.0;
				PRODUCT_BUNDLE_IDENTIFIER = de.daraltawhid.kids;
				PRODUCT_NAME = "TAWHID Kids";
				SUPPORTED_PLATFORMS = "iphoneos iphonesimulator";
				SUPPORTS_MACCATALYST = NO;
				SWIFT_EMIT_LOC_STRINGS = YES;
				SWIFT_VERSION = 5.0;
				TARGETED_DEVICE_FAMILY = "1,2";
			};
			name = Debug;
		};
		A19000000000000000000043 /* Release */ = {
			isa = XCBuildConfiguration;
			buildSettings = {
				ASSETCATALOG_COMPILER_APPICON_NAME = AppIcon;
				ASSETCATALOG_COMPILER_GLOBAL_ACCENT_COLOR_NAME = AccentColor;
				CODE_SIGN_ENTITLEMENTS = DarAlTawhidKids/DarAlTawhidKids.entitlements;
				CODE_SIGN_STYLE = Automatic;
				CURRENT_PROJECT_VERSION = 1;
				DEVELOPMENT_TEAM = ALVZ35NL2N;
				ENABLE_PREVIEWS = YES;
				GENERATE_INFOPLIST_FILE = NO;
				INFOPLIST_FILE = DarAlTawhidKids/Info.plist;
				INFOPLIST_KEY_CFBundleDisplayName = "TAWHID Kids";
				IPHONEOS_DEPLOYMENT_TARGET = 16.0;
				LD_RUNPATH_SEARCH_PATHS = (
					"$(inherited)",
					"@executable_path/Frameworks",
				);
				MARKETING_VERSION = 1.0.0;
				PRODUCT_BUNDLE_IDENTIFIER = de.daraltawhid.kids;
				PRODUCT_NAME = "TAWHID Kids";
				SUPPORTED_PLATFORMS = "iphoneos iphonesimulator";
				SUPPORTS_MACCATALYST = NO;
				SWIFT_EMIT_LOC_STRINGS = YES;
				SWIFT_VERSION = 5.0;
				TARGETED_DEVICE_FAMILY = "1,2";
			};
			name = Release;
		};
/* End XCBuildConfiguration section */

/* Begin XCConfigurationList section */
		A17000000000000000000030 /* Build configuration list for PBXProject "DarAlTawhidKids" */ = {
			isa = XCConfigurationList;
			buildConfigurations = (
				A19000000000000000000040 /* Debug */,
				A19000000000000000000041 /* Release */,
			);
			defaultConfigurationIsVisible = 0;
			defaultConfigurationName = Release;
		};
		A17000000000000000000031 /* Build configuration list for PBXNativeTarget "DarAlTawhidKids" */ = {
			isa = XCConfigurationList;
			buildConfigurations = (
				A19000000000000000000042 /* Debug */,
				A19000000000000000000043 /* Release */,
			);
			defaultConfigurationIsVisible = 0;
			defaultConfigurationName = Release;
		};
/* End XCConfigurationList section */
	};
	rootObject = A18000000000000000000001 /* Project object */;
}
